
Microsoft Visual Studio Solution File, Format Version 12.00
# Visual Studio Version 17
VisualStudioVersion = 17.5.2.0
MinimumVisualStudioVersion = 10.0.40219.1
Project("{FAE04EC0-301F-11D3-BF4B-00C04F79EFBC}") = "VinciOrders.API", "VinciOrders.API.csproj", "{32FE4948-5DFD-D120-0B12-2776E10D746B}"
EndProject
Project("{FAE04EC0-301F-11D3-BF4B-00C04F79EFBC}") = "VinciOrders.Tests", "..\VinciOrders.Tests\VinciOrders.Tests.csproj", "{34E1C57C-4037-49DC-97D1-BAEAC72B7B65}"
EndProject
Global
	GlobalSection(SolutionConfigurationPlatforms) = preSolution
		Debug|Any CPU = Debug|Any CPU
		Debug|x64 = Debug|x64
		Debug|x86 = Debug|x86
		Release|Any CPU = Release|Any CPU
		Release|x64 = Release|x64
		Release|x86 = Release|x86
	EndGlobalSection
	GlobalSection(ProjectConfigurationPlatforms) = postSolution
		{32FE4948-5DFD-D120-0B12-2776E10D746B}.Debug|Any CPU.ActiveCfg = Debug|Any CPU
		{32FE4948-5DFD-D120-0B12-2776E10D746B}.Debug|Any CPU.Build.0 = Debug|Any CPU
		{32FE4948-5DFD-D120-0B12-2776E10D746B}.Debug|x64.ActiveCfg = Debug|Any CPU
		{32FE4948-5DFD-D120-0B12-2776E10D746B}.Debug|x64.Build.0 = Debug|Any CPU
		{32FE4948-5DFD-D120-0B12-2776E10D746B}.Debug|x86.ActiveCfg = Debug|Any CPU
		{32FE4948-5DFD-D120-0B12-2776E10D746B}.Debug|x86.Build.0 = Debug|Any CPU
		{32FE4948-5DFD-D120-0B12-2776E10D746B}.Release|Any CPU.ActiveCfg = Release|Any CPU
		{32FE4948-5DFD-D120-0B12-2776E10D746B}.Release|Any CPU.Build.0 = Release|Any CPU
		{32FE4948-5DFD-D120-0B12-2776E10D746B}.Release|x64.ActiveCfg = Release|Any CPU
		{32FE4948-5DFD-D120-0B12-2776E10D746B}.Release|x64.Build.0 = Release|Any CPU
		{32FE4948-5DFD-D120-0B12-2776E10D746B}.Release|x86.ActiveCfg = Release|Any CPU
		{32FE4948-5DFD-D120-0B12-2776E10D746B}.Release|x86.Build.0 = Release|Any CPU
		{34E1C57C-4037-49DC-97D1-BAEAC72B7B65}.Debug|Any CPU.ActiveCfg = Debug|Any CPU
		{34E1C57C-4037-49DC-97D1-BAEAC72B7B65}.Debug|Any CPU.Build.0 = Debug|Any CPU
		{34E1C57C-4037-49DC-97D1-BAEAC72B7B65}.Debug|x64.ActiveCfg = Debug|Any CPU
		{34E1C57C-4037-49DC-97D1-BAEAC72B7B65}.Debug|x64.Build.0 = Debug|Any CPU
		{34E1C57C-4037-49DC-97D1-BAEAC72B7B65}.Debug|x86.ActiveCfg = Debug|Any CPU
		{34E1C57C-4037-49DC-97D1-BAEAC72B7B65}.Debug|x86.Build.0 = Debug|Any CPU
		{34E1C57C-4037-49DC-97D1-BAEAC72B7B65}.Release|Any CPU.ActiveCfg = Release|Any CPU
		{34E1C57C-4037-49DC-97D1-BAEAC72B7B65}.Release|Any CPU.Build.0 = Release|Any CPU
		{34E1C57C-4037-49DC-97D1-BAEAC72B7B65}.Release|x64.ActiveCfg = Release|Any CPU
		{34E1C57C-4037-49DC-97D1-BAEAC72B7B65}.Release|x64.Build.0 = Release|Any CPU
		{34E1C57C-4037-49DC-97D1-BAEAC72B7B65}.Release|x86.ActiveCfg = Release|Any CPU
		{34E1C57C-4037-49DC-97D1-BAEAC72B7B65}.Release|x86.Build.0 = Release|Any CPU
	EndGlobalSection
	GlobalSection(SolutionProperties) = preSolution
		HideSolutionNode = FALSE
	EndGlobalSection
	GlobalSection(ExtensibilityGlobals) = postSolution
		SolutionGuid = {B0279F2B-F8D0-450C-A356-C80E44F0A91E}
	EndGlobalSection
EndGlobal
